hash: ab6782fee4e37e980443e96792e441e3eeb60afd3709b63964428fe0b16d33ee
updated: 2017-06-23T16:03:07.942229594-07:00
imports:
- name: github.com/fsnotify/fsnotify
  version: 4da3e2cfbabc9f751898f250b49f2439785783a1
- name: github.com/gorilla/websocket
  version: ea4d1f681babbce9545c9c5f3d5194a789c89f5b
- name: github.com/graarh/golang-socketio
  version: 2c44953b9b5fcd4da83ec8816f002ce68a12ef2d
  subpackages:
  - transport
  - protocol
- name: github.com/hashicorp/hcl
  version: 392dba7d905ed5d04a5794ba89f558b27e2ba1ca
  subpackages:
  - hcl/ast
  - hcl/parser
  - hcl/token
  - json/parser
  - hcl/scanner
  - hcl/strconv
  - json/scanner
  - json/token
- name: github.com/inconshreveable/mousetrap
  version: 76626ae9c91c4f2a10f34cad8ce83ea42c93bb75
- name: github.com/labstack/echo
  version: f9e97332f3bebd2c26753f7dc679588a22cb387d
  subpackages:
  - engine/standard
- name: github.com/labstack/gommon
  version: 1121fd3e243c202482226a7afe4dcd07ffc4139a
  subpackages:
  - color
  - log
- name: github.com/magiconair/properties
  version: 51463bfca2576e06c62a8504b5c0f06d61312647
- name: github.com/mattn/go-colorable
  version: 941b50ebc6efddf4c41c8e4537a5f68a4e686b24
- name: github.com/mattn/go-isatty
  version: fc9e8d8ef48496124e79ae0df75490096eccf6fe
- name: github.com/miekg/dns
  version: e78414ef75607394ad7d917824f07f381df2eafa
- name: github.com/mitchellh/mapstructure
  version: d0303fe809921458f417bcf828397a65db30a7e4
- name: github.com/pelletier/go-buffruneio
  version: c37440a7cf42ac63b919c752ca73a85067e05992
- name: github.com/pelletier/go-toml
  version: fe7536c3dee2596cdd23ee9976a17c22bdaae286
- name: github.com/rsc/letsencrypt
  version: 76104d26167d38b6a0010f42bfc8ec5487742e8b
- name: github.com/Sirupsen/logrus
  version: d26492970760ca5d33129d2d799e34be5c4782eb
- name: github.com/spf13/afero
  version: 9be650865eab0c12963d8753212f4f9c66cdcf12
  subpackages:
  - mem
- name: github.com/spf13/cast
  version: acbeb36b902d72a7a4c18e8f3241075e7ab763e4
- name: github.com/spf13/cobra
  version: d638dcb7c7c1c9b62f3a6297a17834980d245dc7
- name: github.com/spf13/jwalterweatherman
  version: 0efa5202c04663c757d84f90f5219c1250baf94f
- name: github.com/spf13/pflag
  version: e57e3eeb33f795204c1ca35f56c44f83227c6e66
- name: github.com/spf13/viper
  version: c1de95864d73a5465492829d7cb2dd422b19ac96
- name: github.com/tylerb/graceful
  version: d72b0151351a13d0421b763b88f791469c4f5dc7
- name: github.com/valyala/bytebufferpool
  version: e746df99fe4a3986f4d4f79e13c1e0117ce9c2f7
- name: github.com/valyala/fasttemplate
  version: dcecefd839c4193db0d35b88ec65b4c12d360ab0
- name: github.com/xenolf/lego
  version: 28ead50ff1ca93acdb62734d3ed8da0206d036ff
  subpackages:
  - acme
- name: golang.org/x/crypto
  version: adbae1b6b6fb4b02448a0fc0dbbc9ba2b95b294d
  subpackages:
  - ocsp
- name: golang.org/x/net
  version: 30f03014b4f11f9f238fdeca8cca734746a24fbb
  subpackages:
  - context
  - publicsuffix
- name: golang.org/x/sys
  version: c23410a886927bab8ca5e80b08af6a56faeb330d
  subpackages:
  - unix
- name: golang.org/x/text
  version: 4e9ab9ee170f2a39bd66c92b3e0a47ff47a4bc77
  subpackages:
  - transform
  - unicode/norm
- name: golang.org/x/time
  version: 8be79e1e0910c292df4e79c241bb7e8f7e725959
  subpackages:
  - rate
- name: gopkg.in/square/go-jose.v1
  version: aa2e30fdd1fe9dd3394119af66451ae790d50e0d
  subpackages:
  - cipher
  - json
- name: gopkg.in/yaml.v2
  version: cd8b52f8269e0feb286dfeef29f8fe4d5b397e0b
testImports: []
